
Microsoft Visual Studio Solution File, Format Version 12.00
# Visual Studio 14
VisualStudioVersion = 14.0.25123.0
MinimumVisualStudioVersion = 10.0.40219.1
Project("{8BC9CEB8-8B4A-11D0-8D11-00A0C91BC942}") = "jsmn_mex", "jsmn_mex.vcxproj", "{23E30C67-CA96-4698-B636-CA2409C076B7}"
EndProject
Project("{2150E333-8FDC-42A3-9474-1A3956D46DE8}") = "Solution Items", "Solution Items", "{ED5C5F97-2BAB-4CB6-BF3F-25675B6B27A7}"
	ProjectSection(SolutionItems) = preProject
		Performance1.psess = Performance1.psess
	EndProjectSection
EndProject
Global
	GlobalSection(Performance) = preSolution
		HasPerformanceSessions = true
	EndGlobalSection
	GlobalSection(SolutionConfigurationPlatforms) = preSolution
		Debug|x64 = Debug|x64
		Debug|x86 = Debug|x86
		Release|x64 = Release|x64
		Release|x86 = Release|x86
	EndGlobalSection
	GlobalSection(ProjectConfigurationPlatforms) = postSolution
		{23E30C67-CA96-4698-B636-CA2409C076B7}.Debug|x64.ActiveCfg = Debug|x64
		{23E30C67-CA96-4698-B636-CA2409C076B7}.Debug|x64.Build.0 = Debug|x64
		{23E30C67-CA96-4698-B636-CA2409C076B7}.Debug|x86.ActiveCfg = Debug|Win32
		{23E30C67-CA96-4698-B636-CA2409C076B7}.Debug|x86.Build.0 = Debug|Win32
		{23E30C67-CA96-4698-B636-CA2409C076B7}.Release|x64.ActiveCfg = Release|x64
		{23E30C67-CA96-4698-B636-CA2409C076B7}.Release|x64.Build.0 = Release|x64
		{23E30C67-CA96-4698-B636-CA2409C076B7}.Release|x86.ActiveCfg = Release|Win32
		{23E30C67-CA96-4698-B636-CA2409C076B7}.Release|x86.Build.0 = Release|Win32
	EndGlobalSection
	GlobalSection(SolutionProperties) = preSolution
		HideSolutionNode = FALSE
	EndGlobalSection
EndGlobal
